
Microsoft Visual Studio Solution File, Format Version 12.00
# Visual Studio Version 17
VisualStudioVersion = 17.11.35222.181
MinimumVisualStudioVersion = 10.0.40219.1
Project("{FAE04EC0-301F-11D3-BF4B-00C04F79EFBC}") = "RestauranteApi", "RestauranteApi.csproj", "{F9C4C0C0-352C-4B39-82A3-00A94DDF86BC}"
EndProject
Global
	GlobalSection(SolutionConfigurationPlatforms) = preSolution
		Debug|Any CPU = Debug|Any CPU
		Release|Any CPU = Release|Any CPU
	EndGlobalSection
	GlobalSection(ProjectConfigurationPlatforms) = postSolution
		{F9C4C0C0-352C-4B39-82A3-00A94DDF86BC}.Debug|Any CPU.ActiveCfg = Debug|Any CPU
		{F9C4C0C0-352C-4B39-82A3-00A94DDF86BC}.Debug|Any CPU.Build.0 = Debug|Any CPU
		{F9C4C0C0-352C-4B39-82A3-00A94DDF86BC}.Release|Any CPU.ActiveCfg = Release|Any CPU
		{F9C4C0C0-352C-4B39-82A3-00A94DDF86BC}.Release|Any CPU.Build.0 = Release|Any CPU
	EndGlobalSection
	GlobalSection(SolutionProperties) = preSolution
		HideSolutionNode = FALSE
	EndGlobalSection
	GlobalSection(ExtensibilityGlobals) = postSolution
		SolutionGuid = {5364A0B7-8F6A-4F89-B04F-7F59EFAEF993}
	EndGlobalSection
EndGlobal
